
Microsoft Visual Studio Solution File, Format Version 12.00
# Visual Studio Version 16
VisualStudioVersion = 16.0.30523.141
MinimumVisualStudioVersion = 10.0.40219.1
Project("{8BC9CEB8-8B4A-11D0-8D11-00A0C91BC942}") = "HolaMundo", "HolaMundo\HolaMundo.vcxproj", "{F0CEE7A0-4778-4090-AB4E-2A8ABD885D4B}"
EndProject
Project("{2150E333-8FDC-42A3-9474-1A3956D46DE8}") = "Semana1", "Semana1", "{EF1A13F2-12FF-469E-BF89-0DECBC44A023}"
EndProject
Project("{8BC9CEB8-8B4A-11D0-8D11-00A0C91BC942}") = "SumaNumeros", "SumaNumeros\SumaNumeros.vcxproj", "{1197E100-6C5C-497A-B1DC-7F36B77878D8}"
EndProject
Project("{8BC9CEB8-8B4A-11D0-8D11-00A0C91BC942}") = "DigitosEntero", "DigitosEntero\DigitosEntero.vcxproj", "{AB5601A9-E4FC-4119-A2E1-923ACC0C816E}"
EndProject
Project("{2150E333-8FDC-42A3-9474-1A3956D46DE8}") = "Semana2", "Semana2", "{D3C53283-6EB8-480F-8B8E-5B5A326F182E}"
EndProject
Project("{8BC9CEB8-8B4A-11D0-8D11-00A0C91BC942}") = "ejemploClase", "ejemploClase\ejemploClase.vcxproj", "{A3328F6C-A674-48CA-94A8-3822809F7D28}"
EndProject
Project("{8BC9CEB8-8B4A-11D0-8D11-00A0C91BC942}") = "ejemploInterfazImplementacion", "ejemploInterfazImplementacion\ejemploInterfazImplementacion.vcxproj", "{8B1CABBB-02FB-4516-A904-48513338E6D7}"
EndProject
Project("{8BC9CEB8-8B4A-11D0-8D11-00A0C91BC942}") = "ejemploRacional", "ejemploRacional\ejemploRacional.vcxproj", "{F023CEFD-7FA0-45AE-B317-EF14DA90110A}"
EndProject
Project("{2150E333-8FDC-42A3-9474-1A3956D46DE8}") = "Semana3", "Semana3", "{E8F8B2C7-E244-4231-818D-023DCE7822D8}"
EndProject
Project("{8BC9CEB8-8B4A-11D0-8D11-00A0C91BC942}") = "ejemploSobrecargaOperadores", "ejemploSobrecargaOperadores\ejemploSobrecargaOperadores.vcxproj", "{4F4A61FF-1B61-427B-BD61-7454EB4A5411}"
EndProject
Project("{8BC9CEB8-8B4A-11D0-8D11-00A0C91BC942}") = "ejercicioCuentas", "ejercicioCuentas\ejercicioCuentas.vcxproj", "{6B53A322-5D1E-4997-AB11-88A644BB767B}"
EndProject
Project("{2150E333-8FDC-42A3-9474-1A3956D46DE8}") = "Semana4", "Semana4", "{D762169C-A654-4F35-9ADB-482166CD2805}"
EndProject
Project("{8BC9CEB8-8B4A-11D0-8D11-00A0C91BC942}") = "ejemploPolimorfismo", "ejemploPolimorfismo\ejemploPolimorfismo.vcxproj", "{042F5640-1732-4BD9-A923-A294D6970350}"
EndProject
Project("{2150E333-8FDC-42A3-9474-1A3956D46DE8}") = "Semana5", "Semana5", "{AC9B2EAD-7AF4-4865-B354-7B49C70C8011}"
EndProject
Project("{8BC9CEB8-8B4A-11D0-8D11-00A0C91BC942}") = "ejercicioCadenas", "ejercicioCadenas\ejercicioCadenas.vcxproj", "{CFEB7B7D-FD13-443C-838E-275D232ACF9F}"
EndProject
Project("{8BC9CEB8-8B4A-11D0-8D11-00A0C91BC942}") = "ejemploCadena", "ejemploCadena\ejemploCadena.vcxproj", "{DDE6DE7E-6537-4EF7-9C6B-8E311FF4C034}"
EndProject
Global
	GlobalSection(SolutionConfigurationPlatforms) = preSolution
		Debug|x64 = Debug|x64
		Debug|x86 = Debug|x86
		Release|x64 = Release|x64
		Release|x86 = Release|x86
	EndGlobalSection
	GlobalSection(ProjectConfigurationPlatforms) = postSolution
		{F0CEE7A0-4778-4090-AB4E-2A8ABD885D4B}.Debug|x64.ActiveCfg = Debug|x64
		{F0CEE7A0-4778-4090-AB4E-2A8ABD885D4B}.Debug|x64.Build.0 = Debug|x64
		{F0CEE7A0-4778-4090-AB4E-2A8ABD885D4B}.Debug|x86.ActiveCfg = Debug|Win32
		{F0CEE7A0-4778-4090-AB4E-2A8ABD885D4B}.Debug|x86.Build.0 = Debug|Win32
		{F0CEE7A0-4778-4090-AB4E-2A8ABD885D4B}.Release|x64.ActiveCfg = Release|x64
		{F0CEE7A0-4778-4090-AB4E-2A8ABD885D4B}.Release|x64.Build.0 = Release|x64
		{F0CEE7A0-4778-4090-AB4E-2A8ABD885D4B}.Release|x86.ActiveCfg = Release|Win32
		{F0CEE7A0-4778-4090-AB4E-2A8ABD885D4B}.Release|x86.Build.0 = Release|Win32
		{1197E100-6C5C-497A-B1DC-7F36B77878D8}.Debug|x64.ActiveCfg = Debug|x64
		{1197E100-6C5C-497A-B1DC-7F36B77878D8}.Debug|x64.Build.0 = Debug|x64
		{1197E100-6C5C-497A-B1DC-7F36B77878D8}.Debug|x86.ActiveCfg = Debug|Win32
		{1197E100-6C5C-497A-B1DC-7F36B77878D8}.Debug|x86.Build.0 = Debug|Win32
		{1197E100-6C5C-497A-B1DC-7F36B77878D8}.Release|x64.ActiveCfg = Release|x64
		{1197E100-6C5C-497A-B1DC-7F36B77878D8}.Release|x64.Build.0 = Release|x64
		{1197E100-6C5C-497A-B1DC-7F36B77878D8}.Release|x86.ActiveCfg = Release|Win32
		{1197E100-6C5C-497A-B1DC-7F36B77878D8}.Release|x86.Build.0 = Release|Win32
		{AB5601A9-E4FC-4119-A2E1-923ACC0C816E}.Debug|x64.ActiveCfg = Debug|x64
		{AB5601A9-E4FC-4119-A2E1-923ACC0C816E}.Debug|x64.Build.0 = Debug|x64
		{AB5601A9-E4FC-4119-A2E1-923ACC0C816E}.Debug|x86.ActiveCfg = Debug|Win32
		{AB5601A9-E4FC-4119-A2E1-923ACC0C816E}.Debug|x86.Build.0 = Debug|Win32
		{AB5601A9-E4FC-4119-A2E1-923ACC0C816E}.Release|x64.ActiveCfg = Release|x64
		{AB5601A9-E4FC-4119-A2E1-923ACC0C816E}.Release|x64.Build.0 = Release|x64
		{AB5601A9-E4FC-4119-A2E1-923ACC0C816E}.Release|x86.ActiveCfg = Release|Win32
		{AB5601A9-E4FC-4119-A2E1-923ACC0C816E}.Release|x86.Build.0 = Release|Win32
		{A3328F6C-A674-48CA-94A8-3822809F7D28}.Debug|x64.ActiveCfg = Debug|x64
		{A3328F6C-A674-48CA-94A8-3822809F7D28}.Debug|x64.Build.0 = Debug|x64
		{A3328F6C-A674-48CA-94A8-3822809F7D28}.Debug|x86.ActiveCfg = Debug|Win32
		{A3328F6C-A674-48CA-94A8-3822809F7D28}.Debug|x86.Build.0 = Debug|Win32
		{A3328F6C-A674-48CA-94A8-3822809F7D28}.Release|x64.ActiveCfg = Release|x64
		{A3328F6C-A674-48CA-94A8-3822809F7D28}.Release|x64.Build.0 = Release|x64
		{A3328F6C-A674-48CA-94A8-3822809F7D28}.Release|x86.ActiveCfg = Release|Win32
		{A3328F6C-A674-48CA-94A8-3822809F7D28}.Release|x86.Build.0 = Release|Win32
		{8B1CABBB-02FB-4516-A904-48513338E6D7}.Debug|x64.ActiveCfg = Debug|x64
		{8B1CABBB-02FB-4516-A904-48513338E6D7}.Debug|x64.Build.0 = Debug|x64
		{8B1CABBB-02FB-4516-A904-48513338E6D7}.Debug|x86.ActiveCfg = Debug|Win32
		{8B1CABBB-02FB-4516-A904-48513338E6D7}.Debug|x86.Build.0 = Debug|Win32
		{8B1CABBB-02FB-4516-A904-48513338E6D7}.Release|x64.ActiveCfg = Release|x64
		{8B1CABBB-02FB-4516-A904-48513338E6D7}.Release|x64.Build.0 = Release|x64
		{8B1CABBB-02FB-4516-A904-48513338E6D7}.Release|x86.ActiveCfg = Release|Win32
		{8B1CABBB-02FB-4516-A904-48513338E6D7}.Release|x86.Build.0 = Release|Win32
		{F023CEFD-7FA0-45AE-B317-EF14DA90110A}.Debug|x64.ActiveCfg = Debug|x64
		{F023CEFD-7FA0-45AE-B317-EF14DA90110A}.Debug|x64.Build.0 = Debug|x64
		{F023CEFD-7FA0-45AE-B317-EF14DA90110A}.Debug|x86.ActiveCfg = Debug|Win32
		{F023CEFD-7FA0-45AE-B317-EF14DA90110A}.Debug|x86.Build.0 = Debug|Win32
		{F023CEFD-7FA0-45AE-B317-EF14DA90110A}.Release|x64.ActiveCfg = Release|x64
		{F023CEFD-7FA0-45AE-B317-EF14DA90110A}.Release|x64.Build.0 = Release|x64
		{F023CEFD-7FA0-45AE-B317-EF14DA90110A}.Release|x86.ActiveCfg = Release|Win32
		{F023CEFD-7FA0-45AE-B317-EF14DA90110A}.Release|x86.Build.0 = Release|Win32
		{4F4A61FF-1B61-427B-BD61-7454EB4A5411}.Debug|x64.ActiveCfg = Debug|x64
		{4F4A61FF-1B61-427B-BD61-7454EB4A5411}.Debug|x64.Build.0 = Debug|x64
		{4F4A61FF-1B61-427B-BD61-7454EB4A5411}.Debug|x86.ActiveCfg = Debug|Win32
		{4F4A61FF-1B61-427B-BD61-7454EB4A5411}.Debug|x86.Build.0 = Debug|Win32
		{4F4A61FF-1B61-427B-BD61-7454EB4A5411}.Release|x64.ActiveCfg = Release|x64
		{4F4A61FF-1B61-427B-BD61-7454EB4A5411}.Release|x64.Build.0 = Release|x64
		{4F4A61FF-1B61-427B-BD61-7454EB4A5411}.Release|x86.ActiveCfg = Release|Win32
		{4F4A61FF-1B61-427B-BD61-7454EB4A5411}.Release|x86.Build.0 = Release|Win32
		{6B53A322-5D1E-4997-AB11-88A644BB767B}.Debug|x64.ActiveCfg = Debug|x64
		{6B53A322-5D1E-4997-AB11-88A644BB767B}.Debug|x64.Build.0 = Debug|x64
		{6B53A322-5D1E-4997-AB11-88A644BB767B}.Debug|x86.ActiveCfg = Debug|Win32
		{6B53A322-5D1E-4997-AB11-88A644BB767B}.Debug|x86.Build.0 = Debug|Win32
		{6B53A322-5D1E-4997-AB11-88A644BB767B}.Release|x64.ActiveCfg = Release|x64
		{6B53A322-5D1E-4997-AB11-88A644BB767B}.Release|x64.Build.0 = Release|x64
		{6B53A322-5D1E-4997-AB11-88A644BB767B}.Release|x86.ActiveCfg = Release|Win32
		{6B53A322-5D1E-4997-AB11-88A644BB767B}.Release|x86.Build.0 = Release|Win32
		{042F5640-1732-4BD9-A923-A294D6970350}.Debug|x64.ActiveCfg = Debug|x64
		{042F5640-1732-4BD9-A923-A294D6970350}.Debug|x64.Build.0 = Debug|x64
		{042F5640-1732-4BD9-A923-A294D6970350}.Debug|x86.ActiveCfg = Debug|Win32
		{042F5640-1732-4BD9-A923-A294D6970350}.Debug|x86.Build.0 = Debug|Win32
		{042F5640-1732-4BD9-A923-A294D6970350}.Release|x64.ActiveCfg = Release|x64
		{042F5640-1732-4BD9-A923-A294D6970350}.Release|x64.Build.0 = Release|x64
		{042F5640-1732-4BD9-A923-A294D6970350}.Release|x86.ActiveCfg = Release|Win32
		{042F5640-1732-4BD9-A923-A294D6970350}.Release|x86.Build.0 = Release|Win32
		{CFEB7B7D-FD13-443C-838E-275D232ACF9F}.Debug|x64.ActiveCfg = Debug|x64
		{CFEB7B7D-FD13-443C-838E-275D232ACF9F}.Debug|x64.Build.0 = Debug|x64
		{CFEB7B7D-FD13-443C-838E-275D232ACF9F}.Debug|x86.ActiveCfg = Debug|Win32
		{CFEB7B7D-FD13-443C-838E-275D232ACF9F}.Debug|x86.Build.0 = Debug|Win32
		{CFEB7B7D-FD13-443C-838E-275D232ACF9F}.Release|x64.ActiveCfg = Release|x64
		{CFEB7B7D-FD13-443C-838E-275D232ACF9F}.Release|x64.Build.0 = Release|x64
		{CFEB7B7D-FD13-443C-838E-275D232ACF9F}.Release|x86.ActiveCfg = Release|Win32
		{CFEB7B7D-FD13-443C-838E-275D232ACF9F}.Release|x86.Build.0 = Release|Win32
		{DDE6DE7E-6537-4EF7-9C6B-8E311FF4C034}.Debug|x64.ActiveCfg = Debug|x64
		{DDE6DE7E-6537-4EF7-9C6B-8E311FF4C034}.Debug|x64.Build.0 = Debug|x64
		{DDE6DE7E-6537-4EF7-9C6B-8E311FF4C034}.Debug|x86.ActiveCfg = Debug|Win32
		{DDE6DE7E-6537-4EF7-9C6B-8E311FF4C034}.Debug|x86.Build.0 = Debug|Win32
		{DDE6DE7E-6537-4EF7-9C6B-8E311FF4C034}.Release|x64.ActiveCfg = Release|x64
		{DDE6DE7E-6537-4EF7-9C6B-8E311FF4C034}.Release|x64.Build.0 = Release|x64
		{DDE6DE7E-6537-4EF7-9C6B-8E311FF4C034}.Release|x86.ActiveCfg = Release|Win32
		{DDE6DE7E-6537-4EF7-9C6B-8E311FF4C034}.Release|x86.Build.0 = Release|Win32
	EndGlobalSection
	GlobalSection(SolutionProperties) = preSolution
		HideSolutionNode = FALSE
	EndGlobalSection
	GlobalSection(NestedProjects) = preSolution
		{F0CEE7A0-4778-4090-AB4E-2A8ABD885D4B} = {EF1A13F2-12FF-469E-BF89-0DECBC44A023}
		{1197E100-6C5C-497A-B1DC-7F36B77878D8} = {EF1A13F2-12FF-469E-BF89-0DECBC44A023}
		{AB5601A9-E4FC-4119-A2E1-923ACC0C816E} = {EF1A13F2-12FF-469E-BF89-0DECBC44A023}
		{A3328F6C-A674-48CA-94A8-3822809F7D28} = {D3C53283-6EB8-480F-8B8E-5B5A326F182E}
		{8B1CABBB-02FB-4516-A904-48513338E6D7} = {D3C53283-6EB8-480F-8B8E-5B5A326F182E}
		{F023CEFD-7FA0-45AE-B317-EF14DA90110A} = {D3C53283-6EB8-480F-8B8E-5B5A326F182E}
		{4F4A61FF-1B61-427B-BD61-7454EB4A5411} = {E8F8B2C7-E244-4231-818D-023DCE7822D8}
		{6B53A322-5D1E-4997-AB11-88A644BB767B} = {E8F8B2C7-E244-4231-818D-023DCE7822D8}
		{042F5640-1732-4BD9-A923-A294D6970350} = {D762169C-A654-4F35-9ADB-482166CD2805}
		{CFEB7B7D-FD13-443C-838E-275D232ACF9F} = {AC9B2EAD-7AF4-4865-B354-7B49C70C8011}
		{DDE6DE7E-6537-4EF7-9C6B-8E311FF4C034} = {AC9B2EAD-7AF4-4865-B354-7B49C70C8011}
	EndGlobalSection
	GlobalSection(ExtensibilityGlobals) = postSolution
		SolutionGuid = {0A591350-2629-4507-A3C1-40513C527312}
	EndGlobalSection
EndGlobal
